
Microsoft Visual Studio Solution File, Format Version 10.00
# Visual C# Express 2008
Project("{FAE04EC0-301F-11D3-BF4B-00C04F79EFBC}") = "FileAssociationSample", "FileAssociationSample\FileAssociationSample.csproj", "{5CA71DA6-9425-4E35-9DD3-518CC80C90AF}"
EndProject
Global
	GlobalSection(SolutionConfigurationPlatforms) = preSolution
		Debug|Any CPU = Debug|Any CPU
		Release|Any CPU = Release|Any CPU
	EndGlobalSection
	GlobalSection(ProjectConfigurationPlatforms) = postSolution
		{5CA71DA6-9425-4E35-9DD3-518CC80C90AF}.Debug|Any CPU.ActiveCfg = Debug|Any CPU
		{5CA71DA6-9425-4E35-9DD3-518CC80C90AF}.Debug|Any CPU.Build.0 = Debug|Any CPU
		{5CA71DA6-9425-4E35-9DD3-518CC80C90AF}.Release|Any CPU.ActiveCfg = Release|Any CPU
		{5CA71DA6-9425-4E35-9DD3-518CC80C90AF}.Release|Any CPU.Build.0 = Release|Any CPU
	EndGlobalSection
	GlobalSection(SolutionProperties) = preSolution
		HideSolutionNode = FALSE
	EndGlobalSection
EndGlobal
